// !$*UTF8*$!
{
	archiveVersion = 1;
	classes = {
	};
	objectVersion = 56;
	objects = {

/* Begin PBXBuildFile section */
		3B6353F928F70D5E00E4BD6B /* CALCApp.swift in Sources */ = {isa = PBXBuildFile; fileRef = 3B6353F828F70D5E00E4BD6B /* CALCApp.swift */; };
		3B6353FB28F70D5E00E4BD6B /* ContentView.swift in Sources */ = {isa = PBXBuildFile; fileRef = 3B6353FA28F70D5E00E4BD6B /* ContentView.swift */; };
		3B6353FD28F70D6000E4BD6B /* Assets.xcassets in Resources */ = {isa = PBXBuildFile; fileRef = 3B6353FC28F70D6000E4BD6B /* Assets.xcassets */; };
		3B63540028F70D6000E4BD6B /* Preview Assets.xcassets in Resources */ = {isa = PBXBuildFile; fileRef = 3B6353FF28F70D6000E4BD6B /* Preview Assets.xcassets */; };
		3B63540228F70D6000E4BD6B /* Persistence.swift in Sources */ = {isa = PBXBuildFile; fileRef = 3B63540128F70D6000E4BD6B /* Persistence.swift */; };
		3B63540528F70D6000E4BD6B /* CALC.xcdatamodeld in Sources */ = {isa = PBXBuildFile; fileRef = 3B63540328F70D6000E4BD6B /* CALC.xcdatamodeld */; };
		3B63541028F70D6000E4BD6B /* CALCTests.swift in Sources */ = {isa = PBXBuildFile; fileRef = 3B63540F28F70D6000E4BD6B /* CALCTests.swift */; };
		3B63541A28F70D6000E4BD6B /* CALCUITests.swift in Sources */ = {isa = PBXBuildFile; fileRef = 3B63541928F70D6000E4BD6B /* CALCUITests.swift */; };
		3B63541C28F70D6000E4BD6B /* CALCUITestsLaunchTests.swift in Sources */ = {isa = PBXBuildFile; fileRef = 3B63541B28F70D6000E4BD6B /* CALCUITestsLaunchTests.swift */; };
		3BFE077928F7651D00CA57A4 /* calcualtor.cpp in Sources */ = {isa = PBXBuildFile; fileRef = 3BFE077728F7651D00CA57A4 /* calcualtor.cpp */; };
/* End PBXBuildFile section */

/* Begin PBXContainerItemProxy section */
		3B63540C28F70D6000E4BD6B /* PBXContainerItemProxy */ = {
			isa = PBXContainerItemProxy;
			containerPortal = 3B6353ED28F70D5E00E4BD6B /* Project object */;
			proxyType = 1;
			remoteGlobalIDString = 3B6353F428F70D5E00E4BD6B;
			remoteInfo = CALC;
		};
		3B63541628F70D6000E4BD6B /* PBXContainerItemProxy */ = {
			isa = PBXContainerItemProxy;
			containerPortal = 3B6353ED28F70D5E00E4BD6B /* Project object */;
			proxyType = 1;
			remoteGlobalIDString = 3B6353F428F70D5E00E4BD6B;
			remoteInfo = CALC;
		};
/* End PBXContainerItemProxy section */

/* Begin PBXFileReference section */
		3B6353F528F70D5E00E4BD6B /* CALC.app */ = {isa = PBXFileReference; explicitFileType = wrapper.application; includeInIndex = 0; path = CALC.app; sourceTree = BUILT_PRODUCTS_DIR; };
		3B6353F828F70D5E00E4BD6B /* CALCApp.swift */ = {isa = PBXFileReference; lastKnownFileType = sourcecode.swift; path = CALCApp.swift; sourceTree = "<group>"; };
		3B6353FA28F70D5E00E4BD6B /* ContentView.swift */ = {isa = PBXFileReference; lastKnownFileType = sourcecode.swift; path = ContentView.swift; sourceTree = "<group>"; };
		3B6353FC28F70D6000E4BD6B /* Assets.xcassets */ = {isa = PBXFileReference; lastKnownFileType = folder.assetcatalog; path = Assets.xcassets; sourceTree = "<group>"; };
		3B6353FF28F70D6000E4BD6B /* Preview Assets.xcassets */ = {isa = PBXFileReference; lastKnownFileType = folder.assetcatalog; path = "Preview Assets.xcassets"; sourceTree = "<group>"; };
		3B63540128F70D6000E4BD6B /* Persistence.swift */ = {isa = PBXFileReference; lastKnownFileType = sourcecode.swift; path = Persistence.swift; sourceTree = "<group>"; };
		3B63540428F70D6000E4BD6B /* CALC.xcdatamodel */ = {isa = PBXFileReference; lastKnownFileType = wrapper.xcdatamodel; path = CALC.xcdatamodel; sourceTree = "<group>"; };
		3B63540628F70D6000E4BD6B /* Info.plist */ = {isa = PBXFileReference; lastKnownFileType = text.plist.xml; path = Info.plist; sourceTree = "<group>"; };
		3B63540B28F70D6000E4BD6B /* CALCTests.xctest */ = {isa = PBXFileReference; explicitFileType = wrapper.cfbundle; includeInIndex = 0; path = CALCTests.xctest; sourceTree = BUILT_PRODUCTS_DIR; };
		3B63540F28F70D6000E4BD6B /* CALCTests.swift */ = {isa = PBXFileReference; lastKnownFileType = sourcecode.swift; path = CALCTests.swift; sourceTree = "<group>"; };
		3B63541528F70D6000E4BD6B /* CALCUITests.xctest */ = {isa = PBXFileReference; explicitFileType = wrapper.cfbundle; includeInIndex = 0; path = CALCUITests.xctest; sourceTree = BUILT_PRODUCTS_DIR; };
		3B63541928F70D6000E4BD6B /* CALCUITests.swift */ = {isa = PBXFileReference; lastKnownFileType = sourcecode.swift; path = CALCUITests.swift; sourceTree = "<group>"; };
		3B63541B28F70D6000E4BD6B /* CALCUITestsLaunchTests.swift */ = {isa = PBXFileReference; lastKnownFileType = sourcecode.swift; path = CALCUITestsLaunchTests.swift; sourceTree = "<group>"; };
		3BFE077728F7651D00CA57A4 /* calcualtor.cpp */ = {isa = PBXFileReference; lastKnownFileType = sourcecode.cpp.cpp; path = calcualtor.cpp; sourceTree = "<group>"; };
		3BFE077828F7651D00CA57A4 /* calcualtor.hpp */ = {isa = PBXFileReference; lastKnownFileType = sourcecode.cpp.h; path = calcualtor.hpp; sourceTree = "<group>"; };
/* End PBXFileReference section */

/* Begin PBXFrameworksBuildPhase section */
		3B6353F228F70D5E00E4BD6B /* Frameworks */ = {
			isa = PBXFrameworksBuildPhase;
			buildActionMask = 2147483647;
			files = (
			);
			runOnlyForDeploymentPostprocessing = 0;
		};
		3B63540828F70D6000E4BD6B /* Frameworks */ = {
			isa = PBXFrameworksBuildPhase;
			buildActionMask = 2147483647;
			files = (
			);
			runOnlyForDeploymentPostprocessing = 0;
		};
		3B63541228F70D6000E4BD6B /* Frameworks */ = {
			isa = PBXFrameworksBuildPhase;
			buildActionMask = 2147483647;
			files = (
			);
			runOnlyForDeploymentPostprocessing = 0;
		};
/* End PBXFrameworksBuildPhase section */

/* Begin PBXGroup section */
		3B6353EC28F70D5D00E4BD6B = {
			isa = PBXGroup;
			children = (
				3BFE077728F7651D00CA57A4 /* calcualtor.cpp */,
				3BFE077828F7651D00CA57A4 /* calcualtor.hpp */,
				3B6353F728F70D5E00E4BD6B /* CALC */,
				3B63540E28F70D6000E4BD6B /* CALCTests */,
				3B63541828F70D6000E4BD6B /* CALCUITests */,
				3B6353F628F70D5E00E4BD6B /* Products */,
			);
			sourceTree = "<group>";
		};
		3B6353F628F70D5E00E4BD6B /* Products */ = {
			isa = PBXGroup;
			children = (
				3B6353F528F70D5E00E4BD6B /* CALC.app */,
				3B63540B28F70D6000E4BD6B /* CALCTests.xctest */,
				3B63541528F70D6000E4BD6B /* CALCUITests.xctest */,
			);
			name = Products;
			sourceTree = "<group>";
		};
		3B6353F728F70D5E00E4BD6B /* CALC */ = {
			isa = PBXGroup;
			children = (
				3B6353F828F70D5E00E4BD6B /* CALCApp.swift */,
				3B6353FA28F70D5E00E4BD6B /* ContentView.swift */,
				3B6353FC28F70D6000E4BD6B /* Assets.xcassets */,
				3B63540128F70D6000E4BD6B /* Persistence.swift */,
				3B63540628F70D6000E4BD6B /* Info.plist */,
				3B63540328F70D6000E4BD6B /* CALC.xcdatamodeld */,
				3B6353FE28F70D6000E4BD6B /* Preview Content */,
			);
			path = CALC;
			sourceTree = "<group>";
		};
		3B6353FE28F70D6000E4BD6B /* Preview Content */ = {
			isa = PBXGroup;
			children = (
				3B6353FF28F70D6000E4BD6B /* Preview Assets.xcassets */,
			);
			path = "Preview Content";
			sourceTree = "<group>";
		};
		3B63540E28F70D6000E4BD6B /* CALCTests */ = {
			isa = PBXGroup;
			children = (
				3B63540F28F70D6000E4BD6B /* CALCTests.swift */,
			);
			path = CALCTests;
			sourceTree = "<group>";
		};
		3B63541828F70D6000E4BD6B /* CALCUITests */ = {
			isa = PBXGroup;
			children = (
				3B63541928F70D6000E4BD6B /* CALCUITests.swift */,
				3B63541B28F70D6000E4BD6B /* CALCUITestsLaunchTests.swift */,
			);
			path = CALCUITests;
			sourceTree = "<group>";
		};
/* End PBXGroup section */

/* Begin PBXNativeTarget section */
		3B6353F428F70D5E00E4BD6B /* CALC */ = {
			isa = PBXNativeTarget;
			buildConfigurationList = 3B63541F28F70D6000E4BD6B /* Build configuration list for PBXNativeTarget "CALC" */;
			buildPhases = (
				3B6353F128F70D5E00E4BD6B /* Sources */,
				3B6353F228F70D5E00E4BD6B /* Frameworks */,
				3B6353F328F70D5E00E4BD6B /* Resources */,
			);
			buildRules = (
			);
			dependencies = (
			);
			name = CALC;
			productName = CALC;
			productReference = 3B6353F528F70D5E00E4BD6B /* CALC.app */;
			productType = "com.apple.product-type.application";
		};
		3B63540A28F70D6000E4BD6B /* CALCTests */ = {
			isa = PBXNativeTarget;
			buildConfigurationList = 3B63542228F70D6000E4BD6B /* Build configuration list for PBXNativeTarget "CALCTests" */;
			buildPhases = (
				3B63540728F70D6000E4BD6B /* Sources */,
				3B63540828F70D6000E4BD6B /* Frameworks */,
				3B63540928F70D6000E4BD6B /* Resources */,
			);
			buildRules = (
			);
			dependencies = (
				3B63540D28F70D6000E4BD6B /* PBXTargetDependency */,
			);
			name = CALCTests;
			productName = CALCTests;
			productReference = 3B63540B28F70D6000E4BD6B /* CALCTests.xctest */;
			productType = "com.apple.product-type.bundle.unit-test";
		};
		3B63541428F70D6000E4BD6B /* CALCUITests */ = {
			isa = PBXNativeTarget;
			buildConfigurationList = 3B63542528F70D6000E4BD6B /* Build configuration list for PBXNativeTarget "CALCUITests" */;
			buildPhases = (
				3B63541128F70D6000E4BD6B /* Sources */,
				3B63541228F70D6000E4BD6B /* Frameworks */,
				3B63541328F70D6000E4BD6B /* Resources */,
			);
			buildRules = (
			);
			dependencies = (
				3B63541728F70D6000E4BD6B /* PBXTargetDependency */,
			);
			name = CALCUITests;
			productName = CALCUITests;
			productReference = 3B63541528F70D6000E4BD6B /* CALCUITests.xctest */;
			productType = "com.apple.product-type.bundle.ui-testing";
		};
/* End PBXNativeTarget section */

/* Begin PBXProject section */
		3B6353ED28F70D5E00E4BD6B /* Project object */ = {
			isa = PBXProject;
			attributes = {
				BuildIndependentTargetsInParallel = 1;
				LastSwiftUpdateCheck = 1400;
				LastUpgradeCheck = 1400;
				TargetAttributes = {
					3B6353F428F70D5E00E4BD6B = {
						CreatedOnToolsVersion = 14.0.1;
						LastSwiftMigration = 1400;
					};
					3B63540A28F70D6000E4BD6B = {
						CreatedOnToolsVersion = 14.0.1;
						TestTargetID = 3B6353F428F70D5E00E4BD6B;
					};
					3B63541428F70D6000E4BD6B = {
						CreatedOnToolsVersion = 14.0.1;
						TestTargetID = 3B6353F428F70D5E00E4BD6B;
					};
				};
			};
			buildConfigurationList = 3B6353F028F70D5E00E4BD6B /* Build configuration list for PBXProject "CALC" */;
			compatibilityVersion = "Xcode 14.0";
			developmentRegion = en;
			hasScannedForEncodings = 0;
			knownRegions = (
				en,
				Base,
			);
			mainGroup = 3B6353EC28F70D5D00E4BD6B;
			productRefGroup = 3B6353F628F70D5E00E4BD6B /* Products */;
			projectDirPath = "";
			projectRoot = "";
			targets = (
				3B6353F428F70D5E00E4BD6B /* CALC */,
				3B63540A28F70D6000E4BD6B /* CALCTests */,
				3B63541428F70D6000E4BD6B /* CALCUITests */,
			);
		};
/* End PBXProject section */

/* Begin PBXResourcesBuildPhase section */
		3B6353F328F70D5E00E4BD6B /* Resources */ = {
			isa = PBXResourcesBuildPhase;
			buildActionMask = 2147483647;
			files = (
				3B63540028F70D6000E4BD6B /* Preview Assets.xcassets in Resources */,
				3B6353FD28F70D6000E4BD6B /* Assets.xcassets in Resources */,
			);
			runOnlyForDeploymentPostprocessing = 0;
		};
		3B63540928F70D6000E4BD6B /* Resources */ = {
			isa = PBXResourcesBuildPhase;
			buildActionMask = 2147483647;
			files = (
			);
			runOnlyForDeploymentPostprocessing = 0;
		};
		3B63541328F70D6000E4BD6B /* Resources */ = {
			isa = PBXResourcesBuildPhase;
			buildActionMask = 2147483647;
			files = (
			);
			runOnlyForDeploymentPostprocessing = 0;
		};
/* End PBXResourcesBuildPhase section */

/* Begin PBXSourcesBuildPhase section */
		3B6353F128F70D5E00E4BD6B /* Sources */ = {
			isa = PBXSourcesBuildPhase;
			buildActionMask = 2147483647;
			files = (
				3B63540528F70D6000E4BD6B /* CALC.xcdatamodeld in Sources */,
				3B63540228F70D6000E4BD6B /* Persistence.swift in Sources */,
				3B6353FB28F70D5E00E4BD6B /* ContentView.swift in Sources */,
				3B6353F928F70D5E00E4BD6B /* CALCApp.swift in Sources */,
				3BFE077928F7651D00CA57A4 /* calcualtor.cpp in Sources */,
			);
			runOnlyForDeploymentPostprocessing = 0;
		};
		3B63540728F70D6000E4BD6B /* Sources */ = {
			isa = PBXSourcesBuildPhase;
			buildActionMask = 2147483647;
			files = (
				3B63541028F70D6000E4BD6B /* CALCTests.swift in Sources */,
			);
			runOnlyForDeploymentPostprocessing = 0;
		};
		3B63541128F70D6000E4BD6B /* Sources */ = {
			isa = PBXSourcesBuildPhase;
			buildActionMask = 2147483647;
			files = (
				3B63541A28F70D6000E4BD6B /* CALCUITests.swift in Sources */,
				3B63541C28F70D6000E4BD6B /* CALCUITestsLaunchTests.swift in Sources */,
			);
			runOnlyForDeploymentPostprocessing = 0;
		};
/* End PBXSourcesBuildPhase section */

/* Begin PBXTargetDependency section */
		3B63540D28F70D6000E4BD6B /* PBXTargetDependency */ = {
			isa = PBXTargetDependency;
			target = 3B6353F428F70D5E00E4BD6B /* CALC */;
			targetProxy = 3B63540C28F70D6000E4BD6B /* PBXContainerItemProxy */;
		};
		3B63541728F70D6000E4BD6B /* PBXTargetDependency */ = {
			isa = PBXTargetDependency;
			target = 3B6353F428F70D5E00E4BD6B /* CALC */;
			targetProxy = 3B63541628F70D6000E4BD6B /* PBXContainerItemProxy */;
		};
/* End PBXTargetDependency section */

/* Begin XCBuildConfiguration section */
		3B63541D28F70D6000E4BD6B /* Debug */ = {
			isa = XCBuildConfiguration;
			buildSettings = {
				ALWAYS_SEARCH_USER_PATHS = NO;
				CLANG_ANALYZER_NONNULL = YES;
				CLANG_ANALYZER_NUMBER_OBJECT_CONVERSION = YES_AGGRESSIVE;
				CLANG_CXX_LANGUAGE_STANDARD = "gnu++20";
				CLANG_ENABLE_MODULES = YES;
				CLANG_ENABLE_OBJC_ARC = YES;
				CLANG_ENABLE_OBJC_WEAK = YES;
				CLANG_WARN_BLOCK_CAPTURE_AUTORELEASING = YES;
				CLANG_WARN_BOOL_CONVERSION = YES;
				CLANG_WARN_COMMA = YES;
				CLANG_WARN_CONSTANT_CONVERSION = YES;
				CLANG_WARN_DEPRECATED_OBJC_IMPLEMENTATIONS = YES;
				CLANG_WARN_DIRECT_OBJC_ISA_USAGE = YES_ERROR;
				CLANG_WARN_DOCUMENTATION_COMMENTS = YES;
				CLANG_WARN_EMPTY_BODY = YES;
				CLANG_WARN_ENUM_CONVERSION = YES;
				CLANG_WARN_INFINITE_RECURSION = YES;
				CLANG_WARN_INT_CONVERSION = YES;
				CLANG_WARN_NON_LITERAL_NULL_CONVERSION = YES;
				CLANG_WARN_OBJC_IMPLICIT_RETAIN_SELF = YES;
				CLANG_WARN_OBJC_LITERAL_CONVERSION = YES;
				CLANG_WARN_OBJC_ROOT_CLASS = YES_ERROR;
				CLANG_WARN_QUOTED_INCLUDE_IN_FRAMEWORK_HEADER = YES;
				CLANG_WARN_RANGE_LOOP_ANALYSIS = YES;
				CLANG_WARN_STRICT_PROTOTYPES = YES;
				CLANG_WARN_SUSPICIOUS_MOVE = YES;
				CLANG_WARN_UNGUARDED_AVAILABILITY = YES_AGGRESSIVE;
				CLANG_WARN_UNREACHABLE_CODE = YES;
				CLANG_WARN__DUPLICATE_METHOD_MATCH = YES;
				COPY_PHASE_STRIP = NO;
				DEBUG_INFORMATION_FORMAT = dwarf;
				ENABLE_STRICT_OBJC_MSGSEND = YES;
				ENABLE_TESTABILITY = YES;
				GCC_C_LANGUAGE_STANDARD = gnu11;
				GCC_DYNAMIC_NO_PIC = NO;
				GCC_NO_COMMON_BLOCKS = YES;
				GCC_OPTIMIZATION_LEVEL = 0;
				GCC_PREPROCESSOR_DEFINITIONS = (
					"DEBUG=1",
					"$(inherited)",
				);
				GCC_WARN_64_TO_32_BIT_CONVERSION = YES;
				GCC_WARN_ABOUT_RETURN_TYPE = YES_ERROR;
				GCC_WARN_UNDECLARED_SELECTOR = YES;
				GCC_WARN_UNINITIALIZED_AUTOS = YES_AGGRESSIVE;
				GCC_WARN_UNUSED_FUNCTION = YES;
				GCC_WARN_UNUSED_VARIABLE = YES;
				IPHONEOS_DEPLOYMENT_TARGET = 16.0;
				MTL_ENABLE_DEBUG_INFO = INCLUDE_SOURCE;
				MTL_FAST_MATH = YES;
				ONLY_ACTIVE_ARCH = YES;
				SDKROOT = iphoneos;
				SWIFT_ACTIVE_COMPILATION_CONDITIONS = DEBUG;
				SWIFT_OPTIMIZATION_LEVEL = "-Onone";
			};
			name = Debug;
		};
		3B63541E28F70D6000E4BD6B /* Release */ = {
			isa = XCBuildConfiguration;
			buildSettings = {
				ALWAYS_SEARCH_USER_PATHS = NO;
				CLANG_ANALYZER_NONNULL = YES;
				CLANG_ANALYZER_NUMBER_OBJECT_CONVERSION = YES_AGGRESSIVE;
				CLANG_CXX_LANGUAGE_STANDARD = "gnu++20";
				CLANG_ENABLE_MODULES = YES;
				CLANG_ENABLE_OBJC_ARC = YES;
				CLANG_ENABLE_OBJC_WEAK = YES;
				CLANG_WARN_BLOCK_CAPTURE_AUTORELEASING = YES;
				CLANG_WARN_BOOL_CONVERSION = YES;
				CLANG_WARN_COMMA = YES;
				CLANG_WARN_CONSTANT_CONVERSION = YES;
				CLANG_WARN_DEPRECATED_OBJC_IMPLEMENTATIONS = YES;
				CLANG_WARN_DIRECT_OBJC_ISA_USAGE = YES_ERROR;
				CLANG_WARN_DOCUMENTATION_COMMENTS = YES;
				CLANG_WARN_EMPTY_BODY = YES;
				CLANG_WARN_ENUM_CONVERSION = YES;
				CLANG_WARN_INFINITE_RECURSION = YES;
				CLANG_WARN_INT_CONVERSION = YES;
				CLANG_WARN_NON_LITERAL_NULL_CONVERSION = YES;
				CLANG_WARN_OBJC_IMPLICIT_RETAIN_SELF = YES;
				CLANG_WARN_OBJC_LITERAL_CONVERSION = YES;
				CLANG_WARN_OBJC_ROOT_CLASS = YES_ERROR;
				CLANG_WARN_QUOTED_INCLUDE_IN_FRAMEWORK_HEADER = YES;
				CLANG_WARN_RANGE_LOOP_ANALYSIS = YES;
				CLANG_WARN_STRICT_PROTOTYPES = YES;
				CLANG_WARN_SUSPICIOUS_MOVE = YES;
				CLANG_WARN_UNGUARDED_AVAILABILITY = YES_AGGRESSIVE;
				CLANG_WARN_UNREACHABLE_CODE = YES;
				CLANG_WARN__DUPLICATE_METHOD_MATCH = YES;
				COPY_PHASE_STRIP = NO;
				DEBUG_INFORMATION_FORMAT = "dwarf-with-dsym";
				ENABLE_NS_ASSERTIONS = NO;
				ENABLE_STRICT_OBJC_MSGSEND = YES;
				GCC_C_LANGUAGE_STANDARD = gnu11;
				GCC_NO_COMMON_BLOCKS = YES;
				GCC_WARN_64_TO_32_BIT_CONVERSION = YES;
				GCC_WARN_ABOUT_RETURN_TYPE = YES_ERROR;
				GCC_WARN_UNDECLARED_SELECTOR = YES;
				GCC_WARN_UNINITIALIZED_AUTOS = YES_AGGRESSIVE;
				GCC_WARN_UNUSED_FUNCTION = YES;
				GCC_WARN_UNUSED_VARIABLE = YES;
				IPHONEOS_DEPLOYMENT_TARGET = 16.0;
				MTL_ENABLE_DEBUG_INFO = NO;
				MTL_FAST_MATH = YES;
				SDKROOT = iphoneos;
				SWIFT_COMPILATION_MODE = wholemodule;
				SWIFT_OPTIMIZATION_LEVEL = "-O";
				VALIDATE_PRODUCT = YES;
			};
			name = Release;
		};
		3B63542028F70D6000E4BD6B /* Debug */ = {
			isa = XCBuildConfiguration;
			buildSettings = {
				ASSETCATALOG_COMPILER_APPICON_NAME = AppIcon;
				ASSETCATALOG_COMPILER_GLOBAL_ACCENT_COLOR_NAME = AccentColor;
				CLANG_ENABLE_MODULES = YES;
				CODE_SIGN_STYLE = Automatic;
				CURRENT_PROJECT_VERSION = 1;
				DEVELOPMENT_ASSET_PATHS = "\"CALC/Preview Content\"";
				ENABLE_PREVIEWS = YES;
				GENERATE_INFOPLIST_FILE = YES;
				INFOPLIST_KEY_UIApplicationSceneManifest_Generation = YES;
				INFOPLIST_KEY_UIApplicationSupportsIndirectInputEvents = YES;
				INFOPLIST_KEY_UILaunchScreen_Generation = YES;
				INFOPLIST_KEY_UISupportedInterfaceOrientations_iPad = "UIInterfaceOrientationPortrait UIInterfaceOrientationPortraitUpsideDown UIInterfaceOrientationLandscapeLeft UIInterfaceOrientationLandscapeRight";
				INFOPLIST_KEY_UISupportedInterfaceOrientations_iPhone = "UIInterfaceOrientationPortrait UIInterfaceOrientationLandscapeLeft UIInterfaceOrientationLandscapeRight";
				LD_RUNPATH_SEARCH_PATHS = (
					"$(inherited)",
					"@executable_path/Frameworks",
				);
				MARKETING_VERSION = 1.0;
				PRODUCT_BUNDLE_IDENTIFIER = test.CALC;
				PRODUCT_NAME = "$(TARGET_NAME)";
				SWIFT_EMIT_LOC_STRINGS = YES;
				SWIFT_OBJC_BRIDGING_HEADER = "CALC-Bridging-Header.h";
				SWIFT_OPTIMIZATION_LEVEL = "-Onone";
				SWIFT_VERSION = 5.0;
				TARGETED_DEVICE_FAMILY = "1,2";
			};
			name = Debug;
		};
		3B63542128F70D6000E4BD6B /* Release */ = {
			isa = XCBuildConfiguration;
			buildSettings = {
				ASSETCATALOG_COMPILER_APPICON_NAME = AppIcon;
				ASSETCATALOG_COMPILER_GLOBAL_ACCENT_COLOR_NAME = AccentColor;
				CLANG_ENABLE_MODULES = YES;
				CODE_SIGN_STYLE = Automatic;
				CURRENT_PROJECT_VERSION = 1;
				DEVELOPMENT_ASSET_PATHS = "\"CALC/Preview Content\"";
				ENABLE_PREVIEWS = YES;
				GENERATE_INFOPLIST_FILE = YES;
				INFOPLIST_KEY_UIApplicationSceneManifest_Generation = YES;
				INFOPLIST_KEY_UIApplicationSupportsIndirectInputEvents = YES;
				INFOPLIST_KEY_UILaunchScreen_Generation = YES;
				INFOPLIST_KEY_UISupportedInterfaceOrientations_iPad = "UIInterfaceOrientationPortrait UIInterfaceOrientationPortraitUpsideDown UIInterfaceOrientationLandscapeLeft UIInterfaceOrientationLandscapeRight";
				INFOPLIST_KEY_UISupportedInterfaceOrientations_iPhone = "UIInterfaceOrientationPortrait UIInterfaceOrientationLandscapeLeft UIInterfaceOrientationLandscapeRight";
				LD_RUNPATH_SEARCH_PATHS = (
					"$(inherited)",
					"@executable_path/Frameworks",
				);
				MARKETING_VERSION = 1.0;
				PRODUCT_BUNDLE_IDENTIFIER = test.CALC;
				PRODUCT_NAME = "$(TARGET_NAME)";
				SWIFT_EMIT_LOC_STRINGS = YES;
				SWIFT_OBJC_BRIDGING_HEADER = "CALC-Bridging-Header.h";
				SWIFT_VERSION = 5.0;
				TARGETED_DEVICE_FAMILY = "1,2";
			};
			name = Release;
		};
		3B63542328F70D6000E4BD6B /* Debug */ = {
			isa = XCBuildConfiguration;
			buildSettings = {
				ALWAYS_EMBED_SWIFT_STANDARD_LIBRARIES = YES;
				BUNDLE_LOADER = "$(TEST_HOST)";
				CODE_SIGN_STYLE = Automatic;
				CURRENT_PROJECT_VERSION = 1;
				GENERATE_INFOPLIST_FILE = YES;
				IPHONEOS_DEPLOYMENT_TARGET = 16.0;
				MARKETING_VERSION = 1.0;
				PRODUCT_BUNDLE_IDENTIFIER = test.CALCTests;
				PRODUCT_NAME = "$(TARGET_NAME)";
				SWIFT_EMIT_LOC_STRINGS = NO;
				SWIFT_VERSION = 5.0;
				TARGETED_DEVICE_FAMILY = "1,2";
				TEST_HOST = "$(BUILT_PRODUCTS_DIR)/CALC.app/$(BUNDLE_EXECUTABLE_FOLDER_PATH)/CALC";
			};
			name = Debug;
		};
		3B63542428F70D6000E4BD6B /* Release */ = {
			isa = XCBuildConfiguration;
			buildSettings = {
				ALWAYS_EMBED_SWIFT_STANDARD_LIBRARIES = YES;
				BUNDLE_LOADER = "$(TEST_HOST)";
				CODE_SIGN_STYLE = Automatic;
				CURRENT_PROJECT_VERSION = 1;
				GENERATE_INFOPLIST_FILE = YES;
				IPHONEOS_DEPLOYMENT_TARGET = 16.0;
				MARKETING_VERSION = 1.0;
				PRODUCT_BUNDLE_IDENTIFIER = test.CALCTests;
				PRODUCT_NAME = "$(TARGET_NAME)";
				SWIFT_EMIT_LOC_STRINGS = NO;
				SWIFT_VERSION = 5.0;
				TARGETED_DEVICE_FAMILY = "1,2";
				TEST_HOST = "$(BUILT_PRODUCTS_DIR)/CALC.app/$(BUNDLE_EXECUTABLE_FOLDER_PATH)/CALC";
			};
			name = Release;
		};
		3B63542628F70D6000E4BD6B /* Debug */ = {
			isa = XCBuildConfiguration;
			buildSettings = {
				ALWAYS_EMBED_SWIFT_STANDARD_LIBRARIES = YES;
				CODE_SIGN_STYLE = Automatic;
				CURRENT_PROJECT_VERSION = 1;
				GENERATE_INFOPLIST_FILE = YES;
				MARKETING_VERSION = 1.0;
				PRODUCT_BUNDLE_IDENTIFIER = test.CALCUITests;
				PRODUCT_NAME = "$(TARGET_NAME)";
				SWIFT_EMIT_LOC_STRINGS = NO;
				SWIFT_VERSION = 5.0;
				TARGETED_DEVICE_FAMILY = "1,2";
				TEST_TARGET_NAME = CALC;
			};
			name = Debug;
		};
		3B63542728F70D6000E4BD6B /* Release */ = {
			isa = XCBuildConfiguration;
			buildSettings = {
				ALWAYS_EMBED_SWIFT_STANDARD_LIBRARIES = YES;
				CODE_SIGN_STYLE = Automatic;
				CURRENT_PROJECT_VERSION = 1;
				GENERATE_INFOPLIST_FILE = YES;
				MARKETING_VERSION = 1.0;
				PRODUCT_BUNDLE_IDENTIFIER = test.CALCUITests;
				PRODUCT_NAME = "$(TARGET_NAME)";
				SWIFT_EMIT_LOC_STRINGS = NO;
				SWIFT_VERSION = 5.0;
				TARGETED_DEVICE_FAMILY = "1,2";
				TEST_TARGET_NAME = CALC;
			};
			name = Release;
		};
/* End XCBuildConfiguration section */

/* Begin XCConfigurationList section */
		3B6353F028F70D5E00E4BD6B /* Build configuration list for PBXProject "CALC" */ = {
			isa = XCConfigurationList;
			buildConfigurations = (
				3B63541D28F70D6000E4BD6B /* Debug */,
				3B63541E28F70D6000E4BD6B /* Release */,
			);
			defaultConfigurationIsVisible = 0;
			defaultConfigurationName = Release;
		};
		3B63541F28F70D6000E4BD6B /* Build configuration list for PBXNativeTarget "CALC" */ = {
			isa = XCConfigurationList;
			buildConfigurations = (
				3B63542028F70D6000E4BD6B /* Debug */,
				3B63542128F70D6000E4BD6B /* Release */,
			);
			defaultConfigurationIsVisible = 0;
			defaultConfigurationName = Release;
		};
		3B63542228F70D6000E4BD6B /* Build configuration list for PBXNativeTarget "CALCTests" */ = {
			isa = XCConfigurationList;
			buildConfigurations = (
				3B63542328F70D6000E4BD6B /* Debug */,
				3B63542428F70D6000E4BD6B /* Release */,
			);
			defaultConfigurationIsVisible = 0;
			defaultConfigurationName = Release;
		};
		3B63542528F70D6000E4BD6B /* Build configuration list for PBXNativeTarget "CALCUITests" */ = {
			isa = XCConfigurationList;
			buildConfigurations = (
				3B63542628F70D6000E4BD6B /* Debug */,
				3B63542728F70D6000E4BD6B /* Release */,
			);
			defaultConfigurationIsVisible = 0;
			defaultConfigurationName = Release;
		};
/* End XCConfigurationList section */

/* Begin XCVersionGroup section */
		3B63540328F70D6000E4BD6B /* CALC.xcdatamodeld */ = {
			isa = XCVersionGroup;
			children = (
				3B63540428F70D6000E4BD6B /* CALC.xcdatamodel */,
			);
			currentVersion = 3B63540428F70D6000E4BD6B /* CALC.xcdatamodel */;
			path = CALC.xcdatamodeld;
			sourceTree = "<group>";
			versionGroupType = wrapper.xcdatamodel;
		};
/* End XCVersionGroup section */
	};
	rootObject = 3B6353ED28F70D5E00E4BD6B /* Project object */;
}
